# THIS IS AN AUTOGENERATED FILE. DO NOT EDIT THIS FILE DIRECTLY.
# yarn lockfile v1


axios@^0.21.1:
  version "0.21.1"
  resolved "https://registry.yarnpkg.com/axios/-/axios-0.21.1.tgz#22563481962f4d6bde9a76d516ef0e5d3c09b2b8"
  integrity sha512-dKQiRHxGD9PPRIUNIWvZhPTPpl1rf/OxTYKsqKUDjBwYylTvV7SjSHJb9ratfyzM6wCdLCOYLzs73qpg5c4iGA==
  dependencies:
    follow-redirects "^1.10.0"

follow-redirects@^1.10.0:
  version "1.14.1"
  resolved "https://registry.yarnpkg.com/follow-redirects/-/follow-redirects-1.14.1.tgz#d9114ded0a1cfdd334e164e6662ad02bfd91ff43"
  integrity sha512-HWqDgT7ZEkqRzBvc2s64vSZ/hfOceEol3ac/7tKwzuvEyWx3/4UegXh5oBOIotkGsObyk3xznnSRVADBgWSQVg==

hex-to-rgba@^2.0.1:
  version "2.0.1"
  resolved "https://registry.npmjs.org/hex-to-rgba/-/hex-to-rgba-2.0.1.tgz"
  integrity sha512-5XqPJBpsEUMsseJUi2w2Hl7cHFFi3+OO10M2pzAvKB1zL6fc+koGMhmBqoDOCB4GemiRM/zvDMRIhVw6EkB8dQ==

javascript-stringify@^2.0.1:
  version "2.1.0"
  resolved "https://registry.yarnpkg.com/javascript-stringify/-/javascript-stringify-2.1.0.tgz#27c76539be14d8bd128219a2d731b09337904e79"
  integrity sha512-JVAfqNPTvNq3sB/VHQJAFxN/sPgKnsKrCwyRt15zwNCdrMMJDdcEOdubuy+DuJYYdm0ox1J4uzEuYKkN+9yhVg==

node-fetch@^2.6.0:
  version "2.6.1"
  resolved "https://registry.npmjs.org/node-fetch/-/node-fetch-2.6.1.tgz"
  integrity sha512-V4aYg89jEoVRxRb2fJdAg8FHvI7cEyYdVAh94HH0UIK8oJxUfkjlDQN9RbMx+bEjP7+ggMiFRprSti032Oipxw==

quickchart-js@^1.0.7:
  version "1.0.7"
  resolved "https://registry.yarnpkg.com/quickchart-js/-/quickchart-js-1.0.7.tgz#d99341b88689405545bacdd0bceb42f1eeb509e3"
  integrity sha512-ck+0VgrYDqU1YZ3q39rPhr9DmxoPByUhV3YMwDedYNX5admxjSlbQM9BLjavYpKQEdbTwG9tbkCUakbSf0ke1Q==
  dependencies:
    axios "^0.21.1"
    javascript-stringify "^2.0.1"
